// !$*UTF8*$!
{
	archiveVersion = 1;
	classes = {
	};
	objectVersion = 56;
	objects = {

/* Begin PBXBuildFile section */
		3B34D73B2B2A25F000F2163B /* Constants.swift in Sources */ = {isa = PBXBuildFile; fileRef = 3B34D73A2B2A25F000F2163B /* Constants.swift */; };
		3B3F36BC2B15D17C0011C8D5 /* AppDelegate.swift in Sources */ = {isa = PBXBuildFile; fileRef = 3B3F36BB2B15D17C0011C8D5 /* AppDelegate.swift */; };
		3B3F36BE2B15D17C0011C8D5 /* SceneDelegate.swift in Sources */ = {isa = PBXBuildFile; fileRef = 3B3F36BD2B15D17C0011C8D5 /* SceneDelegate.swift */; };
		3B3F36C02B15D17C0011C8D5 /* ViewController.swift in Sources */ = {isa = PBXBuildFile; fileRef = 3B3F36BF2B15D17C0011C8D5 /* ViewController.swift */; };
		3B3F36C32B15D17C0011C8D5 /* Main.storyboard in Resources */ = {isa = PBXBuildFile; fileRef = 3B3F36C12B15D17C0011C8D5 /* Main.storyboard */; };
		3B3F36C52B15D1850011C8D5 /* Assets.xcassets in Resources */ = {isa = PBXBuildFile; fileRef = 3B3F36C42B15D1850011C8D5 /* Assets.xcassets */; };
		3B3F36C82B15D1850011C8D5 /* LaunchScreen.storyboard in Resources */ = {isa = PBXBuildFile; fileRef = 3B3F36C62B15D1850011C8D5 /* LaunchScreen.storyboard */; };
		3B3F36D02B15D3E00011C8D5 /* audio.mp3 in Resources */ = {isa = PBXBuildFile; fileRef = 3B3F36CF2B15D3DF0011C8D5 /* audio.mp3 */; };
		3B3F36D32B15EFEA0011C8D5 /* DSWaveformImageViews in Frameworks */ = {isa = PBXBuildFile; productRef = 3B3F36D22B15EFEA0011C8D5 /* DSWaveformImageViews */; };
/* End PBXBuildFile section */

/* Begin PBXFileReference section */
		3B34D73A2B2A25F000F2163B /* Constants.swift */ = {isa = PBXFileReference; lastKnownFileType = sourcecode.swift; path = Constants.swift; sourceTree = "<group>"; };
		3B3F36B82B15D17C0011C8D5 /* WaveSyncPlayer.app */ = {isa = PBXFileReference; explicitFileType = wrapper.application; includeInIndex = 0; path = WaveSyncPlayer.app; sourceTree = BUILT_PRODUCTS_DIR; };
		3B3F36BB2B15D17C0011C8D5 /* AppDelegate.swift */ = {isa = PBXFileReference; lastKnownFileType = sourcecode.swift; path = AppDelegate.swift; sourceTree = "<group>"; };
		3B3F36BD2B15D17C0011C8D5 /* SceneDelegate.swift */ = {isa = PBXFileReference; lastKnownFileType = sourcecode.swift; path = SceneDelegate.swift; sourceTree = "<group>"; };
		3B3F36BF2B15D17C0011C8D5 /* ViewController.swift */ = {isa = PBXFileReference; lastKnownFileType = sourcecode.swift; path = ViewController.swift; sourceTree = "<group>"; };
		3B3F36C22B15D17C0011C8D5 /* Base */ = {isa = PBXFileReference; lastKnownFileType = file.storyboard; name = Base; path = Base.lproj/Main.storyboard; sourceTree = "<group>"; };
		3B3F36C42B15D1850011C8D5 /* Assets.xcassets */ = {isa = PBXFileReference; lastKnownFileType = folder.assetcatalog; path = Assets.xcassets; sourceTree = "<group>"; };
		3B3F36C72B15D1850011C8D5 /* Base */ = {isa = PBXFileReference; lastKnownFileType = file.storyboard; name = Base; path = Base.lproj/LaunchScreen.storyboard; sourceTree = "<group>"; };
		3B3F36C92B15D1850011C8D5 /* Info.plist */ = {isa = PBXFileReference; lastKnownFileType = text.plist.xml; path = Info.plist; sourceTree = "<group>"; };
		3B3F36CF2B15D3DF0011C8D5 /* audio.mp3 */ = {isa = PBXFileReference; lastKnownFileType = audio.mp3; path = audio.mp3; sourceTree = "<group>"; };
/* End PBXFileReference section */

/* Begin PBXFrameworksBuildPhase section */
		3B3F36B52B15D17C0011C8D5 /* Frameworks */ = {
			isa = PBXFrameworksBuildPhase;
			buildActionMask = 2147483647;
			files = (
				3B3F36D32B15EFEA0011C8D5 /* DSWaveformImageViews in Frameworks */,
			);
			runOnlyForDeploymentPostprocessing = 0;
		};
/* End PBXFrameworksBuildPhase section */

/* Begin PBXGroup section */
		3B3F36AF2B15D17C0011C8D5 = {
			isa = PBXGroup;
			children = (
				3B3F36BA2B15D17C0011C8D5 /* WaveSyncPlayer */,
				3B3F36B92B15D17C0011C8D5 /* Products */,
			);
			sourceTree = "<group>";
		};
		3B3F36B92B15D17C0011C8D5 /* Products */ = {
			isa = PBXGroup;
			children = (
				3B3F36B82B15D17C0011C8D5 /* WaveSyncPlayer.app */,
			);
			name = Products;
			sourceTree = "<group>";
		};
		3B3F36BA2B15D17C0011C8D5 /* WaveSyncPlayer */ = {
			isa = PBXGroup;
			children = (
				3B3F36BB2B15D17C0011C8D5 /* AppDelegate.swift */,
				3B3F36BD2B15D17C0011C8D5 /* SceneDelegate.swift */,
				3B57FD8B2B174E6E0028302E /* Controller */,
				3B57FD892B1706D90028302E /* Audio */,
				3B57FD8A2B174E510028302E /* View */,
				3B34D73A2B2A25F000F2163B /* Constants.swift */,
				3B3F36C42B15D1850011C8D5 /* Assets.xcassets */,
				3B3F36C92B15D1850011C8D5 /* Info.plist */,
			);
			path = WaveSyncPlayer;
			sourceTree = "<group>";
		};
		3B57FD892B1706D90028302E /* Audio */ = {
			isa = PBXGroup;
			children = (
				3B3F36CF2B15D3DF0011C8D5 /* audio.mp3 */,
			);
			path = Audio;
			sourceTree = "<group>";
		};
		3B57FD8A2B174E510028302E /* View */ = {
			isa = PBXGroup;
			children = (
				3B3F36C12B15D17C0011C8D5 /* Main.storyboard */,
				3B3F36C62B15D1850011C8D5 /* LaunchScreen.storyboard */,
			);
			path = View;
			sourceTree = "<group>";
		};
		3B57FD8B2B174E6E0028302E /* Controller */ = {
			isa = PBXGroup;
			children = (
				3B3F36BF2B15D17C0011C8D5 /* ViewController.swift */,
			);
			path = Controller;
			sourceTree = "<group>";
		};
/* End PBXGroup section */

/* Begin PBXNativeTarget section */
		3B3F36B72B15D17C0011C8D5 /* WaveSyncPlayer */ = {
			isa = PBXNativeTarget;
			buildConfigurationList = 3B3F36CC2B15D1850011C8D5 /* Build configuration list for PBXNativeTarget "WaveSyncPlayer" */;
			buildPhases = (
				3B3F36B42B15D17C0011C8D5 /* Sources */,
				3B3F36B52B15D17C0011C8D5 /* Frameworks */,
				3B3F36B62B15D17C0011C8D5 /* Resources */,
			);
			buildRules = (
			);
			dependencies = (
			);
			name = WaveSyncPlayer;
			packageProductDependencies = (
				3B3F36D22B15EFEA0011C8D5 /* DSWaveformImageViews */,
			);
			productName = MusicPlayer;
			productReference = 3B3F36B82B15D17C0011C8D5 /* WaveSyncPlayer.app */;
			productType = "com.apple.product-type.application";
		};
/* End PBXNativeTarget section */

/* Begin PBXProject section */
		3B3F36B02B15D17C0011C8D5 /* Project object */ = {
			isa = PBXProject;
			attributes = {
				BuildIndependentTargetsInParallel = 1;
				LastSwiftUpdateCheck = 1420;
				LastUpgradeCheck = 1420;
				TargetAttributes = {
					3B3F36B72B15D17C0011C8D5 = {
						CreatedOnToolsVersion = 14.2;
					};
				};
			};
			buildConfigurationList = 3B3F36B32B15D17C0011C8D5 /* Build configuration list for PBXProject "WaveSyncPlayer" */;
			compatibilityVersion = "Xcode 14.0";
			developmentRegion = en;
			hasScannedForEncodings = 0;
			knownRegions = (
				en,
				Base,
			);
			mainGroup = 3B3F36AF2B15D17C0011C8D5;
			packageReferences = (
				3B3F36D12B15EFEA0011C8D5 /* XCRemoteSwiftPackageReference "DSWaveformImage" */,
			);
			productRefGroup = 3B3F36B92B15D17C0011C8D5 /* Products */;
			projectDirPath = "";
			projectRoot = "";
			targets = (
				3B3F36B72B15D17C0011C8D5 /* WaveSyncPlayer */,
			);
		};
/* End PBXProject section */

/* Begin PBXResourcesBuildPhase section */
		3B3F36B62B15D17C0011C8D5 /* Resources */ = {
			isa = PBXResourcesBuildPhase;
			buildActionMask = 2147483647;
			files = (
				3B3F36C82B15D1850011C8D5 /* LaunchScreen.storyboard in Resources */,
				3B3F36C52B15D1850011C8D5 /* Assets.xcassets in Resources */,
				3B3F36D02B15D3E00011C8D5 /* audio.mp3 in Resources */,
				3B3F36C32B15D17C0011C8D5 /* Main.storyboard in Resources */,
			);
			runOnlyForDeploymentPostprocessing = 0;
		};
/* End PBXResourcesBuildPhase section */

/* Begin PBXSourcesBuildPhase section */
		3B3F36B42B15D17C0011C8D5 /* Sources */ = {
			isa = PBXSourcesBuildPhase;
			buildActionMask = 2147483647;
			files = (
				3B3F36C02B15D17C0011C8D5 /* ViewController.swift in Sources */,
				3B3F36BC2B15D17C0011C8D5 /* AppDelegate.swift in Sources */,
				3B3F36BE2B15D17C0011C8D5 /* SceneDelegate.swift in Sources */,
				3B34D73B2B2A25F000F2163B /* Constants.swift in Sources */,
			);
			runOnlyForDeploymentPostprocessing = 0;
		};
/* End PBXSourcesBuildPhase section */

/* Begin PBXVariantGroup section */
		3B3F36C12B15D17C0011C8D5 /* Main.storyboard */ = {
			isa = PBXVariantGroup;
			children = (
				3B3F36C22B15D17C0011C8D5 /* Base */,
			);
			name = Main.storyboard;
			sourceTree = "<group>";
		};
		3B3F36C62B15D1850011C8D5 /* LaunchScreen.storyboard */ = {
			isa = PBXVariantGroup;
			children = (
				3B3F36C72B15D1850011C8D5 /* Base */,
			);
			name = LaunchScreen.storyboard;
			sourceTree = "<group>";
		};
/* End PBXVariantGroup section */

/* Begin XCBuildConfiguration section */
		3B3F36CA2B15D1850011C8D5 /* Debug */ = {
			isa = XCBuildConfiguration;
			buildSettings = {
				ALWAYS_SEARCH_USER_PATHS = NO;
				CLANG_ANALYZER_NONNULL = YES;
				CLANG_ANALYZER_NUMBER_OBJECT_CONVERSION = YES_AGGRESSIVE;
				CLANG_CXX_LANGUAGE_STANDARD = "gnu++20";
				CLANG_ENABLE_MODULES = YES;
				CLANG_ENABLE_OBJC_ARC = YES;
				CLANG_ENABLE_OBJC_WEAK = YES;
				CLANG_WARN_BLOCK_CAPTURE_AUTORELEASING = YES;
				CLANG_WARN_BOOL_CONVERSION = YES;
				CLANG_WARN_COMMA = YES;
				CLANG_WARN_CONSTANT_CONVERSION = YES;
				CLANG_WARN_DEPRECATED_OBJC_IMPLEMENTATIONS = YES;
				CLANG_WARN_DIRECT_OBJC_ISA_USAGE = YES_ERROR;
				CLANG_WARN_DOCUMENTATION_COMMENTS = YES;
				CLANG_WARN_EMPTY_BODY = YES;
				CLANG_WARN_ENUM_CONVERSION = YES;
				CLANG_WARN_INFINITE_RECURSION = YES;
				CLANG_WARN_INT_CONVERSION = YES;
				CLANG_WARN_NON_LITERAL_NULL_CONVERSION = YES;
				CLANG_WARN_OBJC_IMPLICIT_RETAIN_SELF = YES;
				CLANG_WARN_OBJC_LITERAL_CONVERSION = YES;
				CLANG_WARN_OBJC_ROOT_CLASS = YES_ERROR;
				CLANG_WARN_QUOTED_INCLUDE_IN_FRAMEWORK_HEADER = YES;
				CLANG_WARN_RANGE_LOOP_ANALYSIS = YES;
				CLANG_WARN_STRICT_PROTOTYPES = YES;
				CLANG_WARN_SUSPICIOUS_MOVE = YES;
				CLANG_WARN_UNGUARDED_AVAILABILITY = YES_AGGRESSIVE;
				CLANG_WARN_UNREACHABLE_CODE = YES;
				CLANG_WARN__DUPLICATE_METHOD_MATCH = YES;
				COPY_PHASE_STRIP = NO;
				DEBUG_INFORMATION_FORMAT = dwarf;
				ENABLE_STRICT_OBJC_MSGSEND = YES;
				ENABLE_TESTABILITY = YES;
				GCC_C_LANGUAGE_STANDARD = gnu11;
				GCC_DYNAMIC_NO_PIC = NO;
				GCC_NO_COMMON_BLOCKS = YES;
				GCC_OPTIMIZATION_LEVEL = 0;
				GCC_PREPROCESSOR_DEFINITIONS = (
					"DEBUG=1",
					"$(inherited)",
				);
				GCC_WARN_64_TO_32_BIT_CONVERSION = YES;
				GCC_WARN_ABOUT_RETURN_TYPE = YES_ERROR;
				GCC_WARN_UNDECLARED_SELECTOR = YES;
				GCC_WARN_UNINITIALIZED_AUTOS = YES_AGGRESSIVE;
				GCC_WARN_UNUSED_FUNCTION = YES;
				GCC_WARN_UNUSED_VARIABLE = YES;
				IPHONEOS_DEPLOYMENT_TARGET = 16.2;
				MTL_ENABLE_DEBUG_INFO = INCLUDE_SOURCE;
				MTL_FAST_MATH = YES;
				ONLY_ACTIVE_ARCH = YES;
				SDKROOT = iphoneos;
				SWIFT_ACTIVE_COMPILATION_CONDITIONS = DEBUG;
				SWIFT_OPTIMIZATION_LEVEL = "-Onone";
			};
			name = Debug;
		};
		3B3F36CB2B15D1850011C8D5 /* Release */ = {
			isa = XCBuildConfiguration;
			buildSettings = {
				ALWAYS_SEARCH_USER_PATHS = NO;
				CLANG_ANALYZER_NONNULL = YES;
				CLANG_ANALYZER_NUMBER_OBJECT_CONVERSION = YES_AGGRESSIVE;
				CLANG_CXX_LANGUAGE_STANDARD = "gnu++20";
				CLANG_ENABLE_MODULES = YES;
				CLANG_ENABLE_OBJC_ARC = YES;
				CLANG_ENABLE_OBJC_WEAK = YES;
				CLANG_WARN_BLOCK_CAPTURE_AUTORELEASING = YES;
				CLANG_WARN_BOOL_CONVERSION = YES;
				CLANG_WARN_COMMA = YES;
				CLANG_WARN_CONSTANT_CONVERSION = YES;
				CLANG_WARN_DEPRECATED_OBJC_IMPLEMENTATIONS = YES;
				CLANG_WARN_DIRECT_OBJC_ISA_USAGE = YES_ERROR;
				CLANG_WARN_DOCUMENTATION_COMMENTS = YES;
				CLANG_WARN_EMPTY_BODY = YES;
				CLANG_WARN_ENUM_CONVERSION = YES;
				CLANG_WARN_INFINITE_RECURSION = YES;
				CLANG_WARN_INT_CONVERSION = YES;
				CLANG_WARN_NON_LITERAL_NULL_CONVERSION = YES;
				CLANG_WARN_OBJC_IMPLICIT_RETAIN_SELF = YES;
				CLANG_WARN_OBJC_LITERAL_CONVERSION = YES;
				CLANG_WARN_OBJC_ROOT_CLASS = YES_ERROR;
				CLANG_WARN_QUOTED_INCLUDE_IN_FRAMEWORK_HEADER = YES;
				CLANG_WARN_RANGE_LOOP_ANALYSIS = YES;
				CLANG_WARN_STRICT_PROTOTYPES = YES;
				CLANG_WARN_SUSPICIOUS_MOVE = YES;
				CLANG_WARN_UNGUARDED_AVAILABILITY = YES_AGGRESSIVE;
				CLANG_WARN_UNREACHABLE_CODE = YES;
				CLANG_WARN__DUPLICATE_METHOD_MATCH = YES;
				COPY_PHASE_STRIP = NO;
				DEBUG_INFORMATION_FORMAT = "dwarf-with-dsym";
				ENABLE_NS_ASSERTIONS = NO;
				ENABLE_STRICT_OBJC_MSGSEND = YES;
				GCC_C_LANGUAGE_STANDARD = gnu11;
				GCC_NO_COMMON_BLOCKS = YES;
				GCC_WARN_64_TO_32_BIT_CONVERSION = YES;
				GCC_WARN_ABOUT_RETURN_TYPE = YES_ERROR;
				GCC_WARN_UNDECLARED_SELECTOR = YES;
				GCC_WARN_UNINITIALIZED_AUTOS = YES_AGGRESSIVE;
				GCC_WARN_UNUSED_FUNCTION = YES;
				GCC_WARN_UNUSED_VARIABLE = YES;
				IPHONEOS_DEPLOYMENT_TARGET = 16.2;
				MTL_ENABLE_DEBUG_INFO = NO;
				MTL_FAST_MATH = YES;
				SDKROOT = iphoneos;
				SWIFT_COMPILATION_MODE = wholemodule;
				SWIFT_OPTIMIZATION_LEVEL = "-O";
				VALIDATE_PRODUCT = YES;
			};
			name = Release;
		};
		3B3F36CD2B15D1850011C8D5 /* Debug */ = {
			isa = XCBuildConfiguration;
			buildSettings = {
				ASSETCATALOG_COMPILER_APPICON_NAME = AppIcon;
				ASSETCATALOG_COMPILER_GLOBAL_ACCENT_COLOR_NAME = AccentColor;
				CODE_SIGN_STYLE = Automatic;
				CURRENT_PROJECT_VERSION = 1;
				DEVELOPMENT_TEAM = 3EGXVN72T4;
				GENERATE_INFOPLIST_FILE = YES;
				INFOPLIST_FILE = WaveSyncPlayer/Info.plist;
				INFOPLIST_KEY_UIApplicationSupportsIndirectInputEvents = YES;
				INFOPLIST_KEY_UILaunchStoryboardName = LaunchScreen;
				INFOPLIST_KEY_UIMainStoryboardFile = Main;
				INFOPLIST_KEY_UISupportedInterfaceOrientations_iPad = "UIInterfaceOrientationPortrait UIInterfaceOrientationPortraitUpsideDown UIInterfaceOrientationLandscapeLeft UIInterfaceOrientationLandscapeRight";
				INFOPLIST_KEY_UISupportedInterfaceOrientations_iPhone = "UIInterfaceOrientationPortrait UIInterfaceOrientationLandscapeLeft UIInterfaceOrientationLandscapeRight";
				LD_RUNPATH_SEARCH_PATHS = (
					"$(inherited)",
					"@executable_path/Frameworks",
				);
				MARKETING_VERSION = 1.0;
				PRODUCT_BUNDLE_IDENTIFIER = WaveSyncPlayer.WaveSyncPlayer;
				PRODUCT_NAME = "$(TARGET_NAME)";
				SWIFT_EMIT_LOC_STRINGS = YES;
				SWIFT_VERSION = 5.0;
				TARGETED_DEVICE_FAMILY = "1,2";
			};
			name = Debug;
		};
		3B3F36CE2B15D1850011C8D5 /* Release */ = {
			isa = XCBuildConfiguration;
			buildSettings = {
				ASSETCATALOG_COMPILER_APPICON_NAME = AppIcon;
				ASSETCATALOG_COMPILER_GLOBAL_ACCENT_COLOR_NAME = AccentColor;
				CODE_SIGN_STYLE = Automatic;
				CURRENT_PROJECT_VERSION = 1;
				DEVELOPMENT_TEAM = 3EGXVN72T4;
				GENERATE_INFOPLIST_FILE = YES;
				INFOPLIST_FILE = WaveSyncPlayer/Info.plist;
				INFOPLIST_KEY_UIApplicationSupportsIndirectInputEvents = YES;
				INFOPLIST_KEY_UILaunchStoryboardName = LaunchScreen;
				INFOPLIST_KEY_UIMainStoryboardFile = Main;
				INFOPLIST_KEY_UISupportedInterfaceOrientations_iPad = "UIInterfaceOrientationPortrait UIInterfaceOrientationPortraitUpsideDown UIInterfaceOrientationLandscapeLeft UIInterfaceOrientationLandscapeRight";
				INFOPLIST_KEY_UISupportedInterfaceOrientations_iPhone = "UIInterfaceOrientationPortrait UIInterfaceOrientationLandscapeLeft UIInterfaceOrientationLandscapeRight";
				LD_RUNPATH_SEARCH_PATHS = (
					"$(inherited)",
					"@executable_path/Frameworks",
				);
				MARKETING_VERSION = 1.0;
				PRODUCT_BUNDLE_IDENTIFIER = WaveSyncPlayer.WaveSyncPlayer;
				PRODUCT_NAME = "$(TARGET_NAME)";
				SWIFT_EMIT_LOC_STRINGS = YES;
				SWIFT_VERSION = 5.0;
				TARGETED_DEVICE_FAMILY = "1,2";
			};
			name = Release;
		};
/* End XCBuildConfiguration section */

/* Begin XCConfigurationList section */
		3B3F36B32B15D17C0011C8D5 /* Build configuration list for PBXProject "WaveSyncPlayer" */ = {
			isa = XCConfigurationList;
			buildConfigurations = (
				3B3F36CA2B15D1850011C8D5 /* Debug */,
				3B3F36CB2B15D1850011C8D5 /* Release */,
			);
			defaultConfigurationIsVisible = 0;
			defaultConfigurationName = Release;
		};
		3B3F36CC2B15D1850011C8D5 /* Build configuration list for PBXNativeTarget "WaveSyncPlayer" */ = {
			isa = XCConfigurationList;
			buildConfigurations = (
				3B3F36CD2B15D1850011C8D5 /* Debug */,
				3B3F36CE2B15D1850011C8D5 /* Release */,
			);
			defaultConfigurationIsVisible = 0;
			defaultConfigurationName = Release;
		};
/* End XCConfigurationList section */

/* Begin XCRemoteSwiftPackageReference section */
		3B3F36D12B15EFEA0011C8D5 /* XCRemoteSwiftPackageReference "DSWaveformImage" */ = {
			isa = XCRemoteSwiftPackageReference;
			repositoryURL = "https://github.com/dmrschmidt/DSWaveformImage";
			requirement = {
				kind = upToNextMajorVersion;
				minimumVersion = 14.0.0;
			};
		};
/* End XCRemoteSwiftPackageReference section */

/* Begin XCSwiftPackageProductDependency section */
		3B3F36D22B15EFEA0011C8D5 /* DSWaveformImageViews */ = {
			isa = XCSwiftPackageProductDependency;
			package = 3B3F36D12B15EFEA0011C8D5 /* XCRemoteSwiftPackageReference "DSWaveformImage" */;
			productName = DSWaveformImageViews;
		};
/* End XCSwiftPackageProductDependency section */
	};
	rootObject = 3B3F36B02B15D17C0011C8D5 /* Project object */;
}
